
Microsoft Visual Studio Solution File, Format Version 12.00
# Visual Studio Version 17
VisualStudioVersion = 17.3.32929.385
MinimumVisualStudioVersion = 10.0.40219.1
Project("{9A19103F-16F7-4668-BE54-9A1E7A4F7556}") = "Makc2023.Services.Sample.Domain", "Makc2023.Services.Sample.Domain\Makc2023.Services.Sample.Domain.csproj", "{F18F0FAD-96A7-4A8E-BF3E-122641C06F9A}"
EndProject
Project("{9A19103F-16F7-4668-BE54-9A1E7A4F7556}") = "Makc2023.Core", "Makc2023.Core\Makc2023.Core.csproj", "{B3D98836-284C-43B9-A0B1-FCE85FB449E4}"
EndProject
Project("{9A19103F-16F7-4668-BE54-9A1E7A4F7556}") = "Makc2023.Services.Sample.Sql.Clients.SqlServer", "Makc2023.Services.Sample.Sql.Clients.SqlServer\Makc2023.Services.Sample.Sql.Clients.SqlServer.csproj", "{1C479008-C71C-4A87-83C1-A08A3949749B}"
EndProject
Project("{9A19103F-16F7-4668-BE54-9A1E7A4F7556}") = "Makc2023.Services.Sample.API", "Makc2023.Services.Sample.API\Makc2023.Services.Sample.API.csproj", "{41438686-E6DE-4104-B271-48697387556F}"
EndProject
Project("{2150E333-8FDC-42A3-9474-1A3956D46DE8}") = "Solution Items", "Solution Items", "{9BF949CC-3A5B-4209-B0A5-06E7D6C74D37}"
	ProjectSection(SolutionItems) = preProject
		.editorconfig = .editorconfig
		.gitignore = .gitignore
	EndProjectSection
EndProject
Project("{9A19103F-16F7-4668-BE54-9A1E7A4F7556}") = "Makc2023.Data", "Makc2023.Data\Makc2023.Data.csproj", "{E3651C80-5E8D-46F2-86A5-A67DA041CBE1}"
EndProject
Project("{9A19103F-16F7-4668-BE54-9A1E7A4F7556}") = "Makc2023.Data.Sql", "Makc2023.Data.Sql\Makc2023.Data.Sql.csproj", "{BE2D3C5B-08A1-456A-9858-57EEA92242DE}"
EndProject
Project("{9A19103F-16F7-4668-BE54-9A1E7A4F7556}") = "Makc2023.Data.Sql.Clients.PostgreSql", "Makc2023.Data.Sql.Clients.PostgreSql\Makc2023.Data.Sql.Clients.PostgreSql.csproj", "{A8C5B903-4A52-42D9-AE4C-F679848F198F}"
EndProject
Project("{9A19103F-16F7-4668-BE54-9A1E7A4F7556}") = "Makc2023.Data.Sql.Clients.SqlServer", "Makc2023.Data.Sql.Clients.SqlServer\Makc2023.Data.Sql.Clients.SqlServer.csproj", "{CF3B17A6-E5FE-4A3E-B6BD-697095A71B33}"
EndProject
Project("{2150E333-8FDC-42A3-9474-1A3956D46DE8}") = "Services", "Services", "{42625803-44FD-44F7-9BC5-BEC8C21A7DB7}"
EndProject
Project("{2150E333-8FDC-42A3-9474-1A3956D46DE8}") = "Sample", "Sample", "{BAE95757-FC92-41EC-9D55-F73E695A9CC4}"
EndProject
Project("{2150E333-8FDC-42A3-9474-1A3956D46DE8}") = "Packages", "Packages", "{79F7A2F4-52CC-4E8A-B2CE-2A4EC4C1098A}"
EndProject
Project("{2150E333-8FDC-42A3-9474-1A3956D46DE8}") = "Core", "Core", "{C80749B0-DA43-431B-96B8-0E96789E899C}"
EndProject
Project("{2150E333-8FDC-42A3-9474-1A3956D46DE8}") = "Data", "Data", "{BD53874E-B27F-4A63-A17C-17ADE1D9E802}"
EndProject
Project("{9A19103F-16F7-4668-BE54-9A1E7A4F7556}") = "Makc2023.Core.Apps.ConsoleApp", "Makc2023.Core.Apps.ConsoleApp\Makc2023.Core.Apps.ConsoleApp.csproj", "{A3727EE8-FBD7-4285-8F89-41A49CD360F6}"
EndProject
Project("{9A19103F-16F7-4668-BE54-9A1E7A4F7556}") = "Makc2023.Core.Apps.WebApp", "Makc2023.Core.Apps.WebApp\Makc2023.Core.Apps.WebApp.csproj", "{9359F76B-298D-4F01-8DCF-F55517296BB0}"
EndProject
Project("{FAE04EC0-301F-11D3-BF4B-00C04F79EFBC}") = "Makc2023.Services.Sample.Sql", "Makc2023.Services.Sample.Sql\Makc2023.Services.Sample.Sql.csproj", "{7C81ED11-5196-4EF2-9C0B-08BC3E9F3D22}"
EndProject
Global
	GlobalSection(SolutionConfigurationPlatforms) = preSolution
		Debug|Any CPU = Debug|Any CPU
		Release|Any CPU = Release|Any CPU
	EndGlobalSection
	GlobalSection(ProjectConfigurationPlatforms) = postSolution
		{F18F0FAD-96A7-4A8E-BF3E-122641C06F9A}.Debug|Any CPU.ActiveCfg = Debug|Any CPU
		{F18F0FAD-96A7-4A8E-BF3E-122641C06F9A}.Debug|Any CPU.Build.0 = Debug|Any CPU
		{F18F0FAD-96A7-4A8E-BF3E-122641C06F9A}.Release|Any CPU.ActiveCfg = Release|Any CPU
		{F18F0FAD-96A7-4A8E-BF3E-122641C06F9A}.Release|Any CPU.Build.0 = Release|Any CPU
		{B3D98836-284C-43B9-A0B1-FCE85FB449E4}.Debug|Any CPU.ActiveCfg = Debug|Any CPU
		{B3D98836-284C-43B9-A0B1-FCE85FB449E4}.Debug|Any CPU.Build.0 = Debug|Any CPU
		{B3D98836-284C-43B9-A0B1-FCE85FB449E4}.Release|Any CPU.ActiveCfg = Release|Any CPU
		{B3D98836-284C-43B9-A0B1-FCE85FB449E4}.Release|Any CPU.Build.0 = Release|Any CPU
		{1C479008-C71C-4A87-83C1-A08A3949749B}.Debug|Any CPU.ActiveCfg = Debug|Any CPU
		{1C479008-C71C-4A87-83C1-A08A3949749B}.Debug|Any CPU.Build.0 = Debug|Any CPU
		{1C479008-C71C-4A87-83C1-A08A3949749B}.Release|Any CPU.ActiveCfg = Release|Any CPU
		{1C479008-C71C-4A87-83C1-A08A3949749B}.Release|Any CPU.Build.0 = Release|Any CPU
		{41438686-E6DE-4104-B271-48697387556F}.Debug|Any CPU.ActiveCfg = Debug|Any CPU
		{41438686-E6DE-4104-B271-48697387556F}.Debug|Any CPU.Build.0 = Debug|Any CPU
		{41438686-E6DE-4104-B271-48697387556F}.Release|Any CPU.ActiveCfg = Release|Any CPU
		{41438686-E6DE-4104-B271-48697387556F}.Release|Any CPU.Build.0 = Release|Any CPU
		{E3651C80-5E8D-46F2-86A5-A67DA041CBE1}.Debug|Any CPU.ActiveCfg = Debug|Any CPU
		{E3651C80-5E8D-46F2-86A5-A67DA041CBE1}.Debug|Any CPU.Build.0 = Debug|Any CPU
		{E3651C80-5E8D-46F2-86A5-A67DA041CBE1}.Release|Any CPU.ActiveCfg = Release|Any CPU
		{E3651C80-5E8D-46F2-86A5-A67DA041CBE1}.Release|Any CPU.Build.0 = Release|Any CPU
		{BE2D3C5B-08A1-456A-9858-57EEA92242DE}.Debug|Any CPU.ActiveCfg = Debug|Any CPU
		{BE2D3C5B-08A1-456A-9858-57EEA92242DE}.Debug|Any CPU.Build.0 = Debug|Any CPU
		{BE2D3C5B-08A1-456A-9858-57EEA92242DE}.Release|Any CPU.ActiveCfg = Release|Any CPU
		{BE2D3C5B-08A1-456A-9858-57EEA92242DE}.Release|Any CPU.Build.0 = Release|Any CPU
		{A8C5B903-4A52-42D9-AE4C-F679848F198F}.Debug|Any CPU.ActiveCfg = Debug|Any CPU
		{A8C5B903-4A52-42D9-AE4C-F679848F198F}.Debug|Any CPU.Build.0 = Debug|Any CPU
		{A8C5B903-4A52-42D9-AE4C-F679848F198F}.Release|Any CPU.ActiveCfg = Release|Any CPU
		{A8C5B903-4A52-42D9-AE4C-F679848F198F}.Release|Any CPU.Build.0 = Release|Any CPU
		{CF3B17A6-E5FE-4A3E-B6BD-697095A71B33}.Debug|Any CPU.ActiveCfg = Debug|Any CPU
		{CF3B17A6-E5FE-4A3E-B6BD-697095A71B33}.Debug|Any CPU.Build.0 = Debug|Any CPU
		{CF3B17A6-E5FE-4A3E-B6BD-697095A71B33}.Release|Any CPU.ActiveCfg = Release|Any CPU
		{CF3B17A6-E5FE-4A3E-B6BD-697095A71B33}.Release|Any CPU.Build.0 = Release|Any CPU
		{A3727EE8-FBD7-4285-8F89-41A49CD360F6}.Debug|Any CPU.ActiveCfg = Debug|Any CPU
		{A3727EE8-FBD7-4285-8F89-41A49CD360F6}.Debug|Any CPU.Build.0 = Debug|Any CPU
		{A3727EE8-FBD7-4285-8F89-41A49CD360F6}.Release|Any CPU.ActiveCfg = Release|Any CPU
		{A3727EE8-FBD7-4285-8F89-41A49CD360F6}.Release|Any CPU.Build.0 = Release|Any CPU
		{9359F76B-298D-4F01-8DCF-F55517296BB0}.Debug|Any CPU.ActiveCfg = Debug|Any CPU
		{9359F76B-298D-4F01-8DCF-F55517296BB0}.Debug|Any CPU.Build.0 = Debug|Any CPU
		{9359F76B-298D-4F01-8DCF-F55517296BB0}.Release|Any CPU.ActiveCfg = Release|Any CPU
		{9359F76B-298D-4F01-8DCF-F55517296BB0}.Release|Any CPU.Build.0 = Release|Any CPU
		{7C81ED11-5196-4EF2-9C0B-08BC3E9F3D22}.Debug|Any CPU.ActiveCfg = Debug|Any CPU
		{7C81ED11-5196-4EF2-9C0B-08BC3E9F3D22}.Debug|Any CPU.Build.0 = Debug|Any CPU
		{7C81ED11-5196-4EF2-9C0B-08BC3E9F3D22}.Release|Any CPU.ActiveCfg = Release|Any CPU
		{7C81ED11-5196-4EF2-9C0B-08BC3E9F3D22}.Release|Any CPU.Build.0 = Release|Any CPU
	EndGlobalSection
	GlobalSection(SolutionProperties) = preSolution
		HideSolutionNode = FALSE
	EndGlobalSection
	GlobalSection(NestedProjects) = preSolution
		{F18F0FAD-96A7-4A8E-BF3E-122641C06F9A} = {BAE95757-FC92-41EC-9D55-F73E695A9CC4}
		{B3D98836-284C-43B9-A0B1-FCE85FB449E4} = {C80749B0-DA43-431B-96B8-0E96789E899C}
		{1C479008-C71C-4A87-83C1-A08A3949749B} = {BAE95757-FC92-41EC-9D55-F73E695A9CC4}
		{41438686-E6DE-4104-B271-48697387556F} = {BAE95757-FC92-41EC-9D55-F73E695A9CC4}
		{E3651C80-5E8D-46F2-86A5-A67DA041CBE1} = {BD53874E-B27F-4A63-A17C-17ADE1D9E802}
		{BE2D3C5B-08A1-456A-9858-57EEA92242DE} = {BD53874E-B27F-4A63-A17C-17ADE1D9E802}
		{A8C5B903-4A52-42D9-AE4C-F679848F198F} = {BD53874E-B27F-4A63-A17C-17ADE1D9E802}
		{CF3B17A6-E5FE-4A3E-B6BD-697095A71B33} = {BD53874E-B27F-4A63-A17C-17ADE1D9E802}
		{BAE95757-FC92-41EC-9D55-F73E695A9CC4} = {42625803-44FD-44F7-9BC5-BEC8C21A7DB7}
		{C80749B0-DA43-431B-96B8-0E96789E899C} = {79F7A2F4-52CC-4E8A-B2CE-2A4EC4C1098A}
		{BD53874E-B27F-4A63-A17C-17ADE1D9E802} = {79F7A2F4-52CC-4E8A-B2CE-2A4EC4C1098A}
		{A3727EE8-FBD7-4285-8F89-41A49CD360F6} = {C80749B0-DA43-431B-96B8-0E96789E899C}
		{9359F76B-298D-4F01-8DCF-F55517296BB0} = {C80749B0-DA43-431B-96B8-0E96789E899C}
		{7C81ED11-5196-4EF2-9C0B-08BC3E9F3D22} = {BAE95757-FC92-41EC-9D55-F73E695A9CC4}
	EndGlobalSection
	GlobalSection(ExtensibilityGlobals) = postSolution
		SolutionGuid = {6B139510-D0E2-4301-9C5D-1D82BAD0C2B1}
	EndGlobalSection
EndGlobal
