
Microsoft Visual Studio Solution File, Format Version 12.00
# Visual Studio Version 17
VisualStudioVersion = 17.3.32929.385
MinimumVisualStudioVersion = 10.0.40219.1
Project("{2150E333-8FDC-42A3-9474-1A3956D46DE8}") = "Solution Items", "Solution Items", "{9BF949CC-3A5B-4209-B0A5-06E7D6C74D37}"
	ProjectSection(SolutionItems) = preProject
		.editorconfig = .editorconfig
		.gitignore = .gitignore
	EndProjectSection
EndProject
Project("{2150E333-8FDC-42A3-9474-1A3956D46DE8}") = "Backend", "Backend", "{79F7A2F4-52CC-4E8A-B2CE-2A4EC4C1098A}"
EndProject
Project("{2150E333-8FDC-42A3-9474-1A3956D46DE8}") = "Common", "Common", "{437CA0B3-1D6C-445C-8C9E-DAABC6FABF55}"
EndProject
Project("{2150E333-8FDC-42A3-9474-1A3956D46DE8}") = "Core", "Core", "{C80749B0-DA43-431B-96B8-0E96789E899C}"
EndProject
Project("{9A19103F-16F7-4668-BE54-9A1E7A4F7556}") = "Makc2023.Backend.Common.Core", "Makc2023.Backend.Common.Core\Makc2023.Backend.Common.Core.csproj", "{B3D98836-284C-43B9-A0B1-FCE85FB449E4}"
EndProject
Project("{9A19103F-16F7-4668-BE54-9A1E7A4F7556}") = "Makc2023.Backend.Common.Core.Apps.ConsoleApp", "Makc2023.Backend.Common.Core.Apps.ConsoleApp\Makc2023.Backend.Common.Core.Apps.ConsoleApp.csproj", "{A3727EE8-FBD7-4285-8F89-41A49CD360F6}"
EndProject
Project("{9A19103F-16F7-4668-BE54-9A1E7A4F7556}") = "Makc2023.Backend.Common.Core.Apps.WebApp", "Makc2023.Backend.Common.Core.Apps.WebApp\Makc2023.Backend.Common.Core.Apps.WebApp.csproj", "{9359F76B-298D-4F01-8DCF-F55517296BB0}"
EndProject
Project("{2150E333-8FDC-42A3-9474-1A3956D46DE8}") = "Data", "Data", "{BD53874E-B27F-4A63-A17C-17ADE1D9E802}"
EndProject
Project("{9A19103F-16F7-4668-BE54-9A1E7A4F7556}") = "Makc2023.Backend.Common.Data.Sql", "Makc2023.Backend.Common.Data.Sql\Makc2023.Backend.Common.Data.Sql.csproj", "{BE2D3C5B-08A1-456A-9858-57EEA92242DE}"
EndProject
Project("{9A19103F-16F7-4668-BE54-9A1E7A4F7556}") = "Makc2023.Backend.Common.Data.Sql.Clients.PostgreSql", "Makc2023.Backend.Common.Data.Sql.Clients.PostgreSql\Makc2023.Backend.Common.Data.Sql.Clients.PostgreSql.csproj", "{A8C5B903-4A52-42D9-AE4C-F679848F198F}"
EndProject
Project("{9A19103F-16F7-4668-BE54-9A1E7A4F7556}") = "Makc2023.Backend.Common.Data.Sql.Clients.SqlServer", "Makc2023.Backend.Common.Data.Sql.Clients.SqlServer\Makc2023.Backend.Common.Data.Sql.Clients.SqlServer.csproj", "{CF3B17A6-E5FE-4A3E-B6BD-697095A71B33}"
EndProject
Project("{9A19103F-16F7-4668-BE54-9A1E7A4F7556}") = "Makc2023.Backend.Common.Data.Sql.Mappers.EF", "Makc2023.Backend.Common.Data.Sql.Mappers.EF\Makc2023.Backend.Common.Data.Sql.Mappers.EF.csproj", "{447B20FA-9E34-490E-A827-FDF07394315D}"
EndProject
Project("{2150E333-8FDC-42A3-9474-1A3956D46DE8}") = "Domain", "Domain", "{7A04E08A-6C67-4F82-8544-47B8EA8C1C18}"
EndProject
Project("{9A19103F-16F7-4668-BE54-9A1E7A4F7556}") = "Makc2023.Backend.Common.Domain", "Makc2023.Backend.Common.Domain\Makc2023.Backend.Common.Domain.csproj", "{D26F9C8C-6439-475E-9180-AD200143C3D7}"
EndProject
Project("{9A19103F-16F7-4668-BE54-9A1E7A4F7556}") = "Makc2023.Backend.Common.Domain.Sql.Mappers.EF", "Makc2023.Backend.Common.Domain.Sql.Mappers.EF\Makc2023.Backend.Common.Domain.Sql.Mappers.EF.csproj", "{8ACCEBB3-9BB8-42EC-835A-6E1D9AE470C0}"
EndProject
Project("{2150E333-8FDC-42A3-9474-1A3956D46DE8}") = "Components", "Components", "{0D6109AF-BDC9-47F2-A630-B3A4D37C9222}"
EndProject
Project("{2150E333-8FDC-42A3-9474-1A3956D46DE8}") = "Integration", "Integration", "{9242B0D9-0AAD-48B5-9578-B403556A13C1}"
EndProject
Project("{9A19103F-16F7-4668-BE54-9A1E7A4F7556}") = "Makc2023.Backend.Components.Integration", "Makc2023.Backend.Components.Integration\Makc2023.Backend.Components.Integration.csproj", "{FC7CE37A-F2A4-4F97-B321-50684467DE76}"
EndProject
Project("{9A19103F-16F7-4668-BE54-9A1E7A4F7556}") = "Makc2023.Backend.Components.Integration.Clients.RabbitMQ", "Makc2023.Backend.Components.Integration.Clients.RabbitMQ\Makc2023.Backend.Components.Integration.Clients.RabbitMQ.csproj", "{7AD92029-0BA2-4898-A2B1-FFE44A0FC895}"
EndProject
Project("{2150E333-8FDC-42A3-9474-1A3956D46DE8}") = "Services", "Services", "{42625803-44FD-44F7-9BC5-BEC8C21A7DB7}"
EndProject
Project("{2150E333-8FDC-42A3-9474-1A3956D46DE8}") = "Sample", "Sample", "{BAE95757-FC92-41EC-9D55-F73E695A9CC4}"
EndProject
Project("{9A19103F-16F7-4668-BE54-9A1E7A4F7556}") = "Makc2023.Backend.Services.Sample.App", "Makc2023.Backend.Services.Sample.App\Makc2023.Backend.Services.Sample.App.csproj", "{41438686-E6DE-4104-B271-48697387556F}"
EndProject
Project("{9A19103F-16F7-4668-BE54-9A1E7A4F7556}") = "Makc2023.Backend.Services.Sample.Data.Sql", "Makc2023.Backend.Services.Sample.Data.Sql\Makc2023.Backend.Services.Sample.Data.Sql.csproj", "{7C81ED11-5196-4EF2-9C0B-08BC3E9F3D22}"
EndProject
Project("{9A19103F-16F7-4668-BE54-9A1E7A4F7556}") = "Makc2023.Backend.Services.Sample.Data.Sql.Clients.SqlServer", "Makc2023.Backend.Services.Sample.Data.Sql.Clients.SqlServer\Makc2023.Backend.Services.Sample.Data.Sql.Clients.SqlServer.csproj", "{1C479008-C71C-4A87-83C1-A08A3949749B}"
EndProject
Project("{9A19103F-16F7-4668-BE54-9A1E7A4F7556}") = "Makc2023.Backend.Services.Sample.Data.Sql.Mappers.EF", "Makc2023.Backend.Services.Sample.Data.Sql.Mappers.EF\Makc2023.Backend.Services.Sample.Data.Sql.Mappers.EF.csproj", "{5F0DD392-60C9-4D07-B381-2D979D5DA189}"
EndProject
Project("{9A19103F-16F7-4668-BE54-9A1E7A4F7556}") = "Makc2023.Backend.Services.Sample.Data.Sql.Mappers.EF.Clients.SqlServer", "Makc2023.Backend.Services.Sample.Data.Sql.Mappers.EF.Clients.SqlServer\Makc2023.Backend.Services.Sample.Data.Sql.Mappers.EF.Clients.SqlServer.csproj", "{DC4CA452-997F-4E86-8754-A9465F58B903}"
EndProject
Project("{9A19103F-16F7-4668-BE54-9A1E7A4F7556}") = "Makc2023.Backend.Services.Sample.Domain", "Makc2023.Backend.Services.Sample.Domain\Makc2023.Backend.Services.Sample.Domain.csproj", "{D66BCD9F-E84E-48C8-A4BA-D263E932A530}"
EndProject
Project("{9A19103F-16F7-4668-BE54-9A1E7A4F7556}") = "Makc2023.Backend.Services.Sample.Domains.DummyMain", "Makc2023.Backend.Services.Sample.Domains.DummyMain\Makc2023.Backend.Services.Sample.Domains.DummyMain.csproj", "{7162D967-4819-4593-A65A-006A30221C2B}"
EndProject
Global
	GlobalSection(SolutionConfigurationPlatforms) = preSolution
		Debug|Any CPU = Debug|Any CPU
		Release|Any CPU = Release|Any CPU
	EndGlobalSection
	GlobalSection(ProjectConfigurationPlatforms) = postSolution
		{B3D98836-284C-43B9-A0B1-FCE85FB449E4}.Debug|Any CPU.ActiveCfg = Debug|Any CPU
		{B3D98836-284C-43B9-A0B1-FCE85FB449E4}.Debug|Any CPU.Build.0 = Debug|Any CPU
		{B3D98836-284C-43B9-A0B1-FCE85FB449E4}.Release|Any CPU.ActiveCfg = Release|Any CPU
		{B3D98836-284C-43B9-A0B1-FCE85FB449E4}.Release|Any CPU.Build.0 = Release|Any CPU
		{1C479008-C71C-4A87-83C1-A08A3949749B}.Debug|Any CPU.ActiveCfg = Debug|Any CPU
		{1C479008-C71C-4A87-83C1-A08A3949749B}.Debug|Any CPU.Build.0 = Debug|Any CPU
		{1C479008-C71C-4A87-83C1-A08A3949749B}.Release|Any CPU.ActiveCfg = Release|Any CPU
		{1C479008-C71C-4A87-83C1-A08A3949749B}.Release|Any CPU.Build.0 = Release|Any CPU
		{41438686-E6DE-4104-B271-48697387556F}.Debug|Any CPU.ActiveCfg = Debug|Any CPU
		{41438686-E6DE-4104-B271-48697387556F}.Debug|Any CPU.Build.0 = Debug|Any CPU
		{41438686-E6DE-4104-B271-48697387556F}.Release|Any CPU.ActiveCfg = Release|Any CPU
		{41438686-E6DE-4104-B271-48697387556F}.Release|Any CPU.Build.0 = Release|Any CPU
		{BE2D3C5B-08A1-456A-9858-57EEA92242DE}.Debug|Any CPU.ActiveCfg = Debug|Any CPU
		{BE2D3C5B-08A1-456A-9858-57EEA92242DE}.Debug|Any CPU.Build.0 = Debug|Any CPU
		{BE2D3C5B-08A1-456A-9858-57EEA92242DE}.Release|Any CPU.ActiveCfg = Release|Any CPU
		{BE2D3C5B-08A1-456A-9858-57EEA92242DE}.Release|Any CPU.Build.0 = Release|Any CPU
		{A8C5B903-4A52-42D9-AE4C-F679848F198F}.Debug|Any CPU.ActiveCfg = Debug|Any CPU
		{A8C5B903-4A52-42D9-AE4C-F679848F198F}.Debug|Any CPU.Build.0 = Debug|Any CPU
		{A8C5B903-4A52-42D9-AE4C-F679848F198F}.Release|Any CPU.ActiveCfg = Release|Any CPU
		{A8C5B903-4A52-42D9-AE4C-F679848F198F}.Release|Any CPU.Build.0 = Release|Any CPU
		{CF3B17A6-E5FE-4A3E-B6BD-697095A71B33}.Debug|Any CPU.ActiveCfg = Debug|Any CPU
		{CF3B17A6-E5FE-4A3E-B6BD-697095A71B33}.Debug|Any CPU.Build.0 = Debug|Any CPU
		{CF3B17A6-E5FE-4A3E-B6BD-697095A71B33}.Release|Any CPU.ActiveCfg = Release|Any CPU
		{CF3B17A6-E5FE-4A3E-B6BD-697095A71B33}.Release|Any CPU.Build.0 = Release|Any CPU
		{A3727EE8-FBD7-4285-8F89-41A49CD360F6}.Debug|Any CPU.ActiveCfg = Debug|Any CPU
		{A3727EE8-FBD7-4285-8F89-41A49CD360F6}.Debug|Any CPU.Build.0 = Debug|Any CPU
		{A3727EE8-FBD7-4285-8F89-41A49CD360F6}.Release|Any CPU.ActiveCfg = Release|Any CPU
		{A3727EE8-FBD7-4285-8F89-41A49CD360F6}.Release|Any CPU.Build.0 = Release|Any CPU
		{9359F76B-298D-4F01-8DCF-F55517296BB0}.Debug|Any CPU.ActiveCfg = Debug|Any CPU
		{9359F76B-298D-4F01-8DCF-F55517296BB0}.Debug|Any CPU.Build.0 = Debug|Any CPU
		{9359F76B-298D-4F01-8DCF-F55517296BB0}.Release|Any CPU.ActiveCfg = Release|Any CPU
		{9359F76B-298D-4F01-8DCF-F55517296BB0}.Release|Any CPU.Build.0 = Release|Any CPU
		{7C81ED11-5196-4EF2-9C0B-08BC3E9F3D22}.Debug|Any CPU.ActiveCfg = Debug|Any CPU
		{7C81ED11-5196-4EF2-9C0B-08BC3E9F3D22}.Debug|Any CPU.Build.0 = Debug|Any CPU
		{7C81ED11-5196-4EF2-9C0B-08BC3E9F3D22}.Release|Any CPU.ActiveCfg = Release|Any CPU
		{7C81ED11-5196-4EF2-9C0B-08BC3E9F3D22}.Release|Any CPU.Build.0 = Release|Any CPU
		{D66BCD9F-E84E-48C8-A4BA-D263E932A530}.Debug|Any CPU.ActiveCfg = Debug|Any CPU
		{D66BCD9F-E84E-48C8-A4BA-D263E932A530}.Debug|Any CPU.Build.0 = Debug|Any CPU
		{D66BCD9F-E84E-48C8-A4BA-D263E932A530}.Release|Any CPU.ActiveCfg = Release|Any CPU
		{D66BCD9F-E84E-48C8-A4BA-D263E932A530}.Release|Any CPU.Build.0 = Release|Any CPU
		{D26F9C8C-6439-475E-9180-AD200143C3D7}.Debug|Any CPU.ActiveCfg = Debug|Any CPU
		{D26F9C8C-6439-475E-9180-AD200143C3D7}.Debug|Any CPU.Build.0 = Debug|Any CPU
		{D26F9C8C-6439-475E-9180-AD200143C3D7}.Release|Any CPU.ActiveCfg = Release|Any CPU
		{D26F9C8C-6439-475E-9180-AD200143C3D7}.Release|Any CPU.Build.0 = Release|Any CPU
		{5F0DD392-60C9-4D07-B381-2D979D5DA189}.Debug|Any CPU.ActiveCfg = Debug|Any CPU
		{5F0DD392-60C9-4D07-B381-2D979D5DA189}.Debug|Any CPU.Build.0 = Debug|Any CPU
		{5F0DD392-60C9-4D07-B381-2D979D5DA189}.Release|Any CPU.ActiveCfg = Release|Any CPU
		{5F0DD392-60C9-4D07-B381-2D979D5DA189}.Release|Any CPU.Build.0 = Release|Any CPU
		{447B20FA-9E34-490E-A827-FDF07394315D}.Debug|Any CPU.ActiveCfg = Debug|Any CPU
		{447B20FA-9E34-490E-A827-FDF07394315D}.Debug|Any CPU.Build.0 = Debug|Any CPU
		{447B20FA-9E34-490E-A827-FDF07394315D}.Release|Any CPU.ActiveCfg = Release|Any CPU
		{447B20FA-9E34-490E-A827-FDF07394315D}.Release|Any CPU.Build.0 = Release|Any CPU
		{8ACCEBB3-9BB8-42EC-835A-6E1D9AE470C0}.Debug|Any CPU.ActiveCfg = Debug|Any CPU
		{8ACCEBB3-9BB8-42EC-835A-6E1D9AE470C0}.Debug|Any CPU.Build.0 = Debug|Any CPU
		{8ACCEBB3-9BB8-42EC-835A-6E1D9AE470C0}.Release|Any CPU.ActiveCfg = Release|Any CPU
		{8ACCEBB3-9BB8-42EC-835A-6E1D9AE470C0}.Release|Any CPU.Build.0 = Release|Any CPU
		{DC4CA452-997F-4E86-8754-A9465F58B903}.Debug|Any CPU.ActiveCfg = Debug|Any CPU
		{DC4CA452-997F-4E86-8754-A9465F58B903}.Debug|Any CPU.Build.0 = Debug|Any CPU
		{DC4CA452-997F-4E86-8754-A9465F58B903}.Release|Any CPU.ActiveCfg = Release|Any CPU
		{DC4CA452-997F-4E86-8754-A9465F58B903}.Release|Any CPU.Build.0 = Release|Any CPU
		{7162D967-4819-4593-A65A-006A30221C2B}.Debug|Any CPU.ActiveCfg = Debug|Any CPU
		{7162D967-4819-4593-A65A-006A30221C2B}.Debug|Any CPU.Build.0 = Debug|Any CPU
		{7162D967-4819-4593-A65A-006A30221C2B}.Release|Any CPU.ActiveCfg = Release|Any CPU
		{7162D967-4819-4593-A65A-006A30221C2B}.Release|Any CPU.Build.0 = Release|Any CPU
		{FC7CE37A-F2A4-4F97-B321-50684467DE76}.Debug|Any CPU.ActiveCfg = Debug|Any CPU
		{FC7CE37A-F2A4-4F97-B321-50684467DE76}.Debug|Any CPU.Build.0 = Debug|Any CPU
		{FC7CE37A-F2A4-4F97-B321-50684467DE76}.Release|Any CPU.ActiveCfg = Release|Any CPU
		{FC7CE37A-F2A4-4F97-B321-50684467DE76}.Release|Any CPU.Build.0 = Release|Any CPU
		{7AD92029-0BA2-4898-A2B1-FFE44A0FC895}.Debug|Any CPU.ActiveCfg = Debug|Any CPU
		{7AD92029-0BA2-4898-A2B1-FFE44A0FC895}.Debug|Any CPU.Build.0 = Debug|Any CPU
		{7AD92029-0BA2-4898-A2B1-FFE44A0FC895}.Release|Any CPU.ActiveCfg = Release|Any CPU
		{7AD92029-0BA2-4898-A2B1-FFE44A0FC895}.Release|Any CPU.Build.0 = Release|Any CPU
	EndGlobalSection
	GlobalSection(SolutionProperties) = preSolution
		HideSolutionNode = FALSE
	EndGlobalSection
	GlobalSection(NestedProjects) = preSolution
		{B3D98836-284C-43B9-A0B1-FCE85FB449E4} = {C80749B0-DA43-431B-96B8-0E96789E899C}
		{1C479008-C71C-4A87-83C1-A08A3949749B} = {BAE95757-FC92-41EC-9D55-F73E695A9CC4}
		{41438686-E6DE-4104-B271-48697387556F} = {BAE95757-FC92-41EC-9D55-F73E695A9CC4}
		{BE2D3C5B-08A1-456A-9858-57EEA92242DE} = {BD53874E-B27F-4A63-A17C-17ADE1D9E802}
		{A8C5B903-4A52-42D9-AE4C-F679848F198F} = {BD53874E-B27F-4A63-A17C-17ADE1D9E802}
		{CF3B17A6-E5FE-4A3E-B6BD-697095A71B33} = {BD53874E-B27F-4A63-A17C-17ADE1D9E802}
		{42625803-44FD-44F7-9BC5-BEC8C21A7DB7} = {79F7A2F4-52CC-4E8A-B2CE-2A4EC4C1098A}
		{BAE95757-FC92-41EC-9D55-F73E695A9CC4} = {42625803-44FD-44F7-9BC5-BEC8C21A7DB7}
		{C80749B0-DA43-431B-96B8-0E96789E899C} = {437CA0B3-1D6C-445C-8C9E-DAABC6FABF55}
		{BD53874E-B27F-4A63-A17C-17ADE1D9E802} = {437CA0B3-1D6C-445C-8C9E-DAABC6FABF55}
		{A3727EE8-FBD7-4285-8F89-41A49CD360F6} = {C80749B0-DA43-431B-96B8-0E96789E899C}
		{9359F76B-298D-4F01-8DCF-F55517296BB0} = {C80749B0-DA43-431B-96B8-0E96789E899C}
		{7C81ED11-5196-4EF2-9C0B-08BC3E9F3D22} = {BAE95757-FC92-41EC-9D55-F73E695A9CC4}
		{D66BCD9F-E84E-48C8-A4BA-D263E932A530} = {BAE95757-FC92-41EC-9D55-F73E695A9CC4}
		{D26F9C8C-6439-475E-9180-AD200143C3D7} = {7A04E08A-6C67-4F82-8544-47B8EA8C1C18}
		{5F0DD392-60C9-4D07-B381-2D979D5DA189} = {BAE95757-FC92-41EC-9D55-F73E695A9CC4}
		{447B20FA-9E34-490E-A827-FDF07394315D} = {BD53874E-B27F-4A63-A17C-17ADE1D9E802}
		{7A04E08A-6C67-4F82-8544-47B8EA8C1C18} = {437CA0B3-1D6C-445C-8C9E-DAABC6FABF55}
		{8ACCEBB3-9BB8-42EC-835A-6E1D9AE470C0} = {7A04E08A-6C67-4F82-8544-47B8EA8C1C18}
		{DC4CA452-997F-4E86-8754-A9465F58B903} = {BAE95757-FC92-41EC-9D55-F73E695A9CC4}
		{7162D967-4819-4593-A65A-006A30221C2B} = {BAE95757-FC92-41EC-9D55-F73E695A9CC4}
		{0D6109AF-BDC9-47F2-A630-B3A4D37C9222} = {79F7A2F4-52CC-4E8A-B2CE-2A4EC4C1098A}
		{FC7CE37A-F2A4-4F97-B321-50684467DE76} = {9242B0D9-0AAD-48B5-9578-B403556A13C1}
		{7AD92029-0BA2-4898-A2B1-FFE44A0FC895} = {9242B0D9-0AAD-48B5-9578-B403556A13C1}
		{9242B0D9-0AAD-48B5-9578-B403556A13C1} = {0D6109AF-BDC9-47F2-A630-B3A4D37C9222}
		{437CA0B3-1D6C-445C-8C9E-DAABC6FABF55} = {79F7A2F4-52CC-4E8A-B2CE-2A4EC4C1098A}
	EndGlobalSection
	GlobalSection(ExtensibilityGlobals) = postSolution
		SolutionGuid = {6B139510-D0E2-4301-9C5D-1D82BAD0C2B1}
	EndGlobalSection
EndGlobal
